
Microsoft Visual Studio Solution File, Format Version 12.00
# Visual Studio Version 17
VisualStudioVersion = 17.12.35209.166
MinimumVisualStudioVersion = 10.0.40219.1
Project("{FAE04EC0-301F-11D3-BF4B-00C04F79EFBC}") = "PokemonEverywhere.Shared", "PokemonEverywhere.Shared\PokemonEverywhere.Shared.csproj", "{0AC47A0A-465F-4FE1-9753-7AEE79E18A67}"
EndProject
Project("{FAE04EC0-301F-11D3-BF4B-00C04F79EFBC}") = "PokemonEverywhere.WebApi", "PokemonEverywhere.WebApi\PokemonEverywhere.WebApi.csproj", "{69F18BA0-BF33-4A88-9626-8E1EFEE89C6B}"
EndProject
Project("{FAE04EC0-301F-11D3-BF4B-00C04F79EFBC}") = "PokemonEverywhere.Blazor", "PokemonEverywhere.Blazor\PokemonEverywhere.Blazor.csproj", "{24AF6DEB-4949-41E9-96EC-80177DC77C6B}"
EndProject
Project("{FAE04EC0-301F-11D3-BF4B-00C04F79EFBC}") = "PokemonEverywhere.Blazor.Shared", "PokemonEverywhere.Blazor.Shared\PokemonEverywhere.Blazor.Shared.csproj", "{2725114C-CD72-4A57-9863-D5A03D494359}"
EndProject
Project("{FAE04EC0-301F-11D3-BF4B-00C04F79EFBC}") = "PokemonEverywhere.BlazorHybrid", "PokemonEverywhere.BlazorHybrid\PokemonEverywhere.BlazorHybrid.csproj", "{8EC2F11D-41FF-4363-B2AD-5FC9CC855DD4}"
EndProject
Project("{FAE04EC0-301F-11D3-BF4B-00C04F79EFBC}") = "PokemonEverywhere.WinForms", "PokemonEverywhere.WinForms\PokemonEverywhere.WinForms.csproj", "{490A2D7C-D158-460F-9ACC-102A8800A216}"
EndProject
Project("{FAE04EC0-301F-11D3-BF4B-00C04F79EFBC}") = "PokemonEverywhere.Wpf", "PokemonEverywhere.Wpf\PokemonEverywhere.Wpf.csproj", "{74499BA5-8C90-4A1E-B3E0-1D5A30D1AD2F}"
EndProject
Project("{FAE04EC0-301F-11D3-BF4B-00C04F79EFBC}") = "PokemonEverywhere.Console", "PokemonEverywhere.Console\PokemonEverywhere.Console.csproj", "{78873D1F-2675-4B23-AEE0-4968B9F0BF3D}"
EndProject
Project("{FAE04EC0-301F-11D3-BF4B-00C04F79EFBC}") = "PokemonEverywhere.VueHybrid", "PokemonEverywhere.VueHybrid\PokemonEverywhere.VueHybrid.csproj", "{C07F89D4-1C0E-417A-9BCD-BCAEF4D01C76}"
EndProject
Global
	GlobalSection(SolutionConfigurationPlatforms) = preSolution
		Debug|Any CPU = Debug|Any CPU
		Release|Any CPU = Release|Any CPU
	EndGlobalSection
	GlobalSection(ProjectConfigurationPlatforms) = postSolution
		{0AC47A0A-465F-4FE1-9753-7AEE79E18A67}.Debug|Any CPU.ActiveCfg = Debug|Any CPU
		{0AC47A0A-465F-4FE1-9753-7AEE79E18A67}.Debug|Any CPU.Build.0 = Debug|Any CPU
		{0AC47A0A-465F-4FE1-9753-7AEE79E18A67}.Release|Any CPU.ActiveCfg = Release|Any CPU
		{0AC47A0A-465F-4FE1-9753-7AEE79E18A67}.Release|Any CPU.Build.0 = Release|Any CPU
		{69F18BA0-BF33-4A88-9626-8E1EFEE89C6B}.Debug|Any CPU.ActiveCfg = Debug|Any CPU
		{69F18BA0-BF33-4A88-9626-8E1EFEE89C6B}.Debug|Any CPU.Build.0 = Debug|Any CPU
		{69F18BA0-BF33-4A88-9626-8E1EFEE89C6B}.Release|Any CPU.ActiveCfg = Release|Any CPU
		{69F18BA0-BF33-4A88-9626-8E1EFEE89C6B}.Release|Any CPU.Build.0 = Release|Any CPU
		{24AF6DEB-4949-41E9-96EC-80177DC77C6B}.Debug|Any CPU.ActiveCfg = Debug|Any CPU
		{24AF6DEB-4949-41E9-96EC-80177DC77C6B}.Debug|Any CPU.Build.0 = Debug|Any CPU
		{24AF6DEB-4949-41E9-96EC-80177DC77C6B}.Release|Any CPU.ActiveCfg = Release|Any CPU
		{24AF6DEB-4949-41E9-96EC-80177DC77C6B}.Release|Any CPU.Build.0 = Release|Any CPU
		{2725114C-CD72-4A57-9863-D5A03D494359}.Debug|Any CPU.ActiveCfg = Debug|Any CPU
		{2725114C-CD72-4A57-9863-D5A03D494359}.Debug|Any CPU.Build.0 = Debug|Any CPU
		{2725114C-CD72-4A57-9863-D5A03D494359}.Release|Any CPU.ActiveCfg = Release|Any CPU
		{2725114C-CD72-4A57-9863-D5A03D494359}.Release|Any CPU.Build.0 = Release|Any CPU
		{8EC2F11D-41FF-4363-B2AD-5FC9CC855DD4}.Debug|Any CPU.ActiveCfg = Debug|Any CPU
		{8EC2F11D-41FF-4363-B2AD-5FC9CC855DD4}.Debug|Any CPU.Build.0 = Debug|Any CPU
		{8EC2F11D-41FF-4363-B2AD-5FC9CC855DD4}.Debug|Any CPU.Deploy.0 = Debug|Any CPU
		{8EC2F11D-41FF-4363-B2AD-5FC9CC855DD4}.Release|Any CPU.ActiveCfg = Release|Any CPU
		{8EC2F11D-41FF-4363-B2AD-5FC9CC855DD4}.Release|Any CPU.Build.0 = Release|Any CPU
		{8EC2F11D-41FF-4363-B2AD-5FC9CC855DD4}.Release|Any CPU.Deploy.0 = Release|Any CPU
		{490A2D7C-D158-460F-9ACC-102A8800A216}.Debug|Any CPU.ActiveCfg = Debug|Any CPU
		{490A2D7C-D158-460F-9ACC-102A8800A216}.Debug|Any CPU.Build.0 = Debug|Any CPU
		{490A2D7C-D158-460F-9ACC-102A8800A216}.Release|Any CPU.ActiveCfg = Release|Any CPU
		{490A2D7C-D158-460F-9ACC-102A8800A216}.Release|Any CPU.Build.0 = Release|Any CPU
		{74499BA5-8C90-4A1E-B3E0-1D5A30D1AD2F}.Debug|Any CPU.ActiveCfg = Debug|Any CPU
		{74499BA5-8C90-4A1E-B3E0-1D5A30D1AD2F}.Debug|Any CPU.Build.0 = Debug|Any CPU
		{74499BA5-8C90-4A1E-B3E0-1D5A30D1AD2F}.Release|Any CPU.ActiveCfg = Release|Any CPU
		{74499BA5-8C90-4A1E-B3E0-1D5A30D1AD2F}.Release|Any CPU.Build.0 = Release|Any CPU
		{78873D1F-2675-4B23-AEE0-4968B9F0BF3D}.Debug|Any CPU.ActiveCfg = Debug|Any CPU
		{78873D1F-2675-4B23-AEE0-4968B9F0BF3D}.Debug|Any CPU.Build.0 = Debug|Any CPU
		{78873D1F-2675-4B23-AEE0-4968B9F0BF3D}.Release|Any CPU.ActiveCfg = Release|Any CPU
		{78873D1F-2675-4B23-AEE0-4968B9F0BF3D}.Release|Any CPU.Build.0 = Release|Any CPU
		{C07F89D4-1C0E-417A-9BCD-BCAEF4D01C76}.Debug|Any CPU.ActiveCfg = Debug|Any CPU
		{C07F89D4-1C0E-417A-9BCD-BCAEF4D01C76}.Debug|Any CPU.Build.0 = Debug|Any CPU
		{C07F89D4-1C0E-417A-9BCD-BCAEF4D01C76}.Release|Any CPU.ActiveCfg = Release|Any CPU
		{C07F89D4-1C0E-417A-9BCD-BCAEF4D01C76}.Release|Any CPU.Build.0 = Release|Any CPU
	EndGlobalSection
	GlobalSection(SolutionProperties) = preSolution
		HideSolutionNode = FALSE
	EndGlobalSection
	GlobalSection(ExtensibilityGlobals) = postSolution
		SolutionGuid = {43D13CC8-51F6-4F83-BC48-06FEB70B1213}
	EndGlobalSection
EndGlobal
